
Microsoft Visual Studio Solution File, Format Version 12.00
# Visual Studio Version 17
VisualStudioVersion = 17.9.34714.143
MinimumVisualStudioVersion = 10.0.40219.1
Project("{FAE04EC0-301F-11D3-BF4B-00C04F79EFBC}") = "IncaTechnologies.ObjectsMessenger", "IncaTechnologies.ObjectsMessenger\IncaTechnologies.ObjectsMessenger.csproj", "{62A83437-55CA-40E5-839B-CFD0C1AEAB19}"
EndProject
Project("{FAE04EC0-301F-11D3-BF4B-00C04F79EFBC}") = "Tests", "Tests\Tests.csproj", "{0AB6D03B-10BD-43B6-8E76-B600F7B854E2}"
EndProject
Global
	GlobalSection(SolutionConfigurationPlatforms) = preSolution
		Debug|Any CPU = Debug|Any CPU
		Release|Any CPU = Release|Any CPU
	EndGlobalSection
	GlobalSection(ProjectConfigurationPlatforms) = postSolution
		{62A83437-55CA-40E5-839B-CFD0C1AEAB19}.Debug|Any CPU.ActiveCfg = Debug|Any CPU
		{62A83437-55CA-40E5-839B-CFD0C1AEAB19}.Debug|Any CPU.Build.0 = Debug|Any CPU
		{62A83437-55CA-40E5-839B-CFD0C1AEAB19}.Release|Any CPU.ActiveCfg = Release|Any CPU
		{62A83437-55CA-40E5-839B-CFD0C1AEAB19}.Release|Any CPU.Build.0 = Release|Any CPU
		{0AB6D03B-10BD-43B6-8E76-B600F7B854E2}.Debug|Any CPU.ActiveCfg = Debug|Any CPU
		{0AB6D03B-10BD-43B6-8E76-B600F7B854E2}.Debug|Any CPU.Build.0 = Debug|Any CPU
		{0AB6D03B-10BD-43B6-8E76-B600F7B854E2}.Release|Any CPU.ActiveCfg = Release|Any CPU
		{0AB6D03B-10BD-43B6-8E76-B600F7B854E2}.Release|Any CPU.Build.0 = Release|Any CPU
	EndGlobalSection
	GlobalSection(SolutionProperties) = preSolution
		HideSolutionNode = FALSE
	EndGlobalSection
	GlobalSection(ExtensibilityGlobals) = postSolution
		SolutionGuid = {2EC6ECAB-F17C-4DB2-A429-D8F823A4B157}
	EndGlobalSection
EndGlobal
