
Microsoft Visual Studio Solution File, Format Version 12.00
# Visual Studio Version 17
VisualStudioVersion = 17.9.34714.143
MinimumVisualStudioVersion = 10.0.40219.1
Project("{9A19103F-16F7-4668-BE54-9A1E7A4F7556}") = "ObjectsMessenger", "IncaTechnologies.ObjectsMessenger\ObjectsMessenger.csproj", "{62A83437-55CA-40E5-839B-CFD0C1AEAB19}"
EndProject
Project("{9A19103F-16F7-4668-BE54-9A1E7A4F7556}") = "Tests", "Tests\Tests.csproj", "{0AB6D03B-10BD-43B6-8E76-B600F7B854E2}"
EndProject
Project("{2150E333-8FDC-42A3-9474-1A3956D46DE8}") = "Solution Items", "Solution Items", "{5B6329C6-2B98-4B2F-9B41-57000941A389}"
EndProject
Project("{9A19103F-16F7-4668-BE54-9A1E7A4F7556}") = "Example", "Example\Example.csproj", "{4CB1796A-50B6-49CA-8916-AAA41BED2F3C}"
EndProject
Global
	GlobalSection(SolutionConfigurationPlatforms) = preSolution
		Debug|Any CPU = Debug|Any CPU
		Release|Any CPU = Release|Any CPU
	EndGlobalSection
	GlobalSection(ProjectConfigurationPlatforms) = postSolution
		{62A83437-55CA-40E5-839B-CFD0C1AEAB19}.Debug|Any CPU.ActiveCfg = Debug|Any CPU
		{62A83437-55CA-40E5-839B-CFD0C1AEAB19}.Debug|Any CPU.Build.0 = Debug|Any CPU
		{62A83437-55CA-40E5-839B-CFD0C1AEAB19}.Release|Any CPU.ActiveCfg = Release|Any CPU
		{62A83437-55CA-40E5-839B-CFD0C1AEAB19}.Release|Any CPU.Build.0 = Release|Any CPU
		{0AB6D03B-10BD-43B6-8E76-B600F7B854E2}.Debug|Any CPU.ActiveCfg = Debug|Any CPU
		{0AB6D03B-10BD-43B6-8E76-B600F7B854E2}.Debug|Any CPU.Build.0 = Debug|Any CPU
		{0AB6D03B-10BD-43B6-8E76-B600F7B854E2}.Release|Any CPU.ActiveCfg = Release|Any CPU
		{0AB6D03B-10BD-43B6-8E76-B600F7B854E2}.Release|Any CPU.Build.0 = Release|Any CPU
		{4CB1796A-50B6-49CA-8916-AAA41BED2F3C}.Debug|Any CPU.ActiveCfg = Debug|Any CPU
		{4CB1796A-50B6-49CA-8916-AAA41BED2F3C}.Debug|Any CPU.Build.0 = Debug|Any CPU
		{4CB1796A-50B6-49CA-8916-AAA41BED2F3C}.Release|Any CPU.ActiveCfg = Release|Any CPU
		{4CB1796A-50B6-49CA-8916-AAA41BED2F3C}.Release|Any CPU.Build.0 = Release|Any CPU
	EndGlobalSection
	GlobalSection(SolutionProperties) = preSolution
		HideSolutionNode = FALSE
	EndGlobalSection
	GlobalSection(ExtensibilityGlobals) = postSolution
		SolutionGuid = {2EC6ECAB-F17C-4DB2-A429-D8F823A4B157}
	EndGlobalSection
EndGlobal
